{
  "name": "scanCode",
  "version": "1.0.0",
  "lockfileVersion": 1,
  "requires": true,
  "dependencies": {
    "vue-i18n": {
      "version": "8.15.3",
      "resolved": "https://registry.npmjs.org/vue-i18n/-/vue-i18n-8.15.3.tgz",
      "integrity": "sha512-PVNgo6yhOmacZVFjSapZ314oewwLyXHjJwAqjnaPN1GJAJd/dvsrShGzSiJuCX4Hc36G4epJvNXUwO8y7wEKew=="
    }
  }
}
